
Microsoft Visual Studio Solution File, Format Version 12.00
# Visual Studio 15
VisualStudioVersion = 15.0.26228.9
MinimumVisualStudioVersion = 10.0.40219.1
Project("{2150E333-8FDC-42A3-9474-1A3956D46DE8}") = "1 - Api", "1 - Api", "{E917FE4F-6F45-48D4-AA9C-07EF2AA41CBD}"
EndProject
Project("{2150E333-8FDC-42A3-9474-1A3956D46DE8}") = "3 - Domain", "3 - Domain", "{6BDF6503-8084-4754-A390-E3A5860B6B02}"
EndProject
Project("{2150E333-8FDC-42A3-9474-1A3956D46DE8}") = "4 - Infrastructure", "4 - Infrastructure", "{671E073C-5E4F-4BD1-884C-6BD0D6DB6A97}"
EndProject
Project("{FAE04EC0-301F-11D3-BF4B-00C04F79EFBC}") = "Easy.Infra.Data", "src\Easy.Infra.Data\Easy.Infra.Data.csproj", "{B6018B76-E762-49A2-943C-9FAD76BAA1C2}"
EndProject
Project("{FAE04EC0-301F-11D3-BF4B-00C04F79EFBC}") = "Easy.CrossCutting.IoC", "src\Easy.CrossCutting.IoC\Easy.CrossCutting.IoC.csproj", "{F7AB7763-8F74-41F0-AD5F-E2457E30F409}"
EndProject
Project("{FAE04EC0-301F-11D3-BF4B-00C04F79EFBC}") = "Easy.Api", "src\Easy.Api\Easy.Api.csproj", "{CE9ED778-104A-48DF-9D94-FA109E2C0310}"
EndProject
Project("{2150E333-8FDC-42A3-9474-1A3956D46DE8}") = "2 - Application", "2 - Application", "{CB11D772-5F43-4449-84A0-75415D3E24B5}"
EndProject
Project("{FAE04EC0-301F-11D3-BF4B-00C04F79EFBC}") = "Easy.Application", "src\Easy.Application\Easy.Application.csproj", "{80B599C0-23E6-4744-B0A8-9A537F7D4EC4}"
EndProject
Project("{FAE04EC0-301F-11D3-BF4B-00C04F79EFBC}") = "Easy.Domain", "src\Easy.Domain\Easy.Domain.csproj", "{31E7DA55-A610-4B72-95CE-985CBFDC2089}"
EndProject
Project("{FAE04EC0-301F-11D3-BF4B-00C04F79EFBC}") = "Easy.SharedKernel", "src\Easy.SharedKernel\Easy.SharedKernel.csproj", "{0B380AFA-F2C4-4701-9002-2D803DB3CEFC}"
EndProject
Project("{2150E333-8FDC-42A3-9474-1A3956D46DE8}") = "4.1 - Data", "4.1 - Data", "{EEDCA432-6635-4022-B965-BCFEA2925A84}"
EndProject
Project("{2150E333-8FDC-42A3-9474-1A3956D46DE8}") = "4.2 - Cross Cutting", "4.2 - Cross Cutting", "{0762D6B8-9304-4305-B7A9-9E7EF6B05CFC}"
EndProject
Project("{2150E333-8FDC-42A3-9474-1A3956D46DE8}") = "5 - Testes", "5 - Testes", "{E66A58A1-2A30-4BF1-87C9-8FC5096AB305}"
EndProject
Project("{FAE04EC0-301F-11D3-BF4B-00C04F79EFBC}") = "Easy.Domain.Tests", "tests\Easy.Domain.Tests\Easy.Domain.Tests.csproj", "{FBDE3FED-DDC9-4B81-ACDF-73488CB585EE}"
EndProject
Global
	GlobalSection(SolutionConfigurationPlatforms) = preSolution
		Debug|Any CPU = Debug|Any CPU
		Release|Any CPU = Release|Any CPU
	EndGlobalSection
	GlobalSection(ProjectConfigurationPlatforms) = postSolution
		{B6018B76-E762-49A2-943C-9FAD76BAA1C2}.Debug|Any CPU.ActiveCfg = Debug|Any CPU
		{B6018B76-E762-49A2-943C-9FAD76BAA1C2}.Debug|Any CPU.Build.0 = Debug|Any CPU
		{B6018B76-E762-49A2-943C-9FAD76BAA1C2}.Release|Any CPU.ActiveCfg = Release|Any CPU
		{B6018B76-E762-49A2-943C-9FAD76BAA1C2}.Release|Any CPU.Build.0 = Release|Any CPU
		{F7AB7763-8F74-41F0-AD5F-E2457E30F409}.Debug|Any CPU.ActiveCfg = Debug|Any CPU
		{F7AB7763-8F74-41F0-AD5F-E2457E30F409}.Debug|Any CPU.Build.0 = Debug|Any CPU
		{F7AB7763-8F74-41F0-AD5F-E2457E30F409}.Release|Any CPU.ActiveCfg = Release|Any CPU
		{F7AB7763-8F74-41F0-AD5F-E2457E30F409}.Release|Any CPU.Build.0 = Release|Any CPU
		{CE9ED778-104A-48DF-9D94-FA109E2C0310}.Debug|Any CPU.ActiveCfg = Debug|Any CPU
		{CE9ED778-104A-48DF-9D94-FA109E2C0310}.Debug|Any CPU.Build.0 = Debug|Any CPU
		{CE9ED778-104A-48DF-9D94-FA109E2C0310}.Release|Any CPU.ActiveCfg = Release|Any CPU
		{CE9ED778-104A-48DF-9D94-FA109E2C0310}.Release|Any CPU.Build.0 = Release|Any CPU
		{80B599C0-23E6-4744-B0A8-9A537F7D4EC4}.Debug|Any CPU.ActiveCfg = Debug|Any CPU
		{80B599C0-23E6-4744-B0A8-9A537F7D4EC4}.Debug|Any CPU.Build.0 = Debug|Any CPU
		{80B599C0-23E6-4744-B0A8-9A537F7D4EC4}.Release|Any CPU.ActiveCfg = Release|Any CPU
		{80B599C0-23E6-4744-B0A8-9A537F7D4EC4}.Release|Any CPU.Build.0 = Release|Any CPU
		{31E7DA55-A610-4B72-95CE-985CBFDC2089}.Debug|Any CPU.ActiveCfg = Debug|Any CPU
		{31E7DA55-A610-4B72-95CE-985CBFDC2089}.Debug|Any CPU.Build.0 = Debug|Any CPU
		{31E7DA55-A610-4B72-95CE-985CBFDC2089}.Release|Any CPU.ActiveCfg = Release|Any CPU
		{31E7DA55-A610-4B72-95CE-985CBFDC2089}.Release|Any CPU.Build.0 = Release|Any CPU
		{0B380AFA-F2C4-4701-9002-2D803DB3CEFC}.Debug|Any CPU.ActiveCfg = Debug|Any CPU
		{0B380AFA-F2C4-4701-9002-2D803DB3CEFC}.Debug|Any CPU.Build.0 = Debug|Any CPU
		{0B380AFA-F2C4-4701-9002-2D803DB3CEFC}.Release|Any CPU.ActiveCfg = Release|Any CPU
		{0B380AFA-F2C4-4701-9002-2D803DB3CEFC}.Release|Any CPU.Build.0 = Release|Any CPU
		{FBDE3FED-DDC9-4B81-ACDF-73488CB585EE}.Debug|Any CPU.ActiveCfg = Debug|Any CPU
		{FBDE3FED-DDC9-4B81-ACDF-73488CB585EE}.Debug|Any CPU.Build.0 = Debug|Any CPU
		{FBDE3FED-DDC9-4B81-ACDF-73488CB585EE}.Release|Any CPU.ActiveCfg = Release|Any CPU
		{FBDE3FED-DDC9-4B81-ACDF-73488CB585EE}.Release|Any CPU.Build.0 = Release|Any CPU
	EndGlobalSection
	GlobalSection(SolutionProperties) = preSolution
		HideSolutionNode = FALSE
	EndGlobalSection
	GlobalSection(NestedProjects) = preSolution
		{B6018B76-E762-49A2-943C-9FAD76BAA1C2} = {EEDCA432-6635-4022-B965-BCFEA2925A84}
		{F7AB7763-8F74-41F0-AD5F-E2457E30F409} = {0762D6B8-9304-4305-B7A9-9E7EF6B05CFC}
		{CE9ED778-104A-48DF-9D94-FA109E2C0310} = {E917FE4F-6F45-48D4-AA9C-07EF2AA41CBD}
		{80B599C0-23E6-4744-B0A8-9A537F7D4EC4} = {CB11D772-5F43-4449-84A0-75415D3E24B5}
		{31E7DA55-A610-4B72-95CE-985CBFDC2089} = {6BDF6503-8084-4754-A390-E3A5860B6B02}
		{0B380AFA-F2C4-4701-9002-2D803DB3CEFC} = {6BDF6503-8084-4754-A390-E3A5860B6B02}
		{EEDCA432-6635-4022-B965-BCFEA2925A84} = {671E073C-5E4F-4BD1-884C-6BD0D6DB6A97}
		{0762D6B8-9304-4305-B7A9-9E7EF6B05CFC} = {671E073C-5E4F-4BD1-884C-6BD0D6DB6A97}
		{FBDE3FED-DDC9-4B81-ACDF-73488CB585EE} = {E66A58A1-2A30-4BF1-87C9-8FC5096AB305}
	EndGlobalSection
EndGlobal
